// !$*UTF8*$!
{
	archiveVersion = 1;
	classes = {
	};
	objectVersion = 56;
	objects = {

/* Begin PBXBuildFile section */
		37B43FCD2BBAAA540038D52C /* AppDelegate.swift in Sources */ = {isa = PBXBuildFile; fileRef = 37B43FCC2BBAAA540038D52C /* AppDelegate.swift */; };
		37B43FCF2BBAAA540038D52C /* SceneDelegate.swift in Sources */ = {isa = PBXBuildFile; fileRef = 37B43FCE2BBAAA540038D52C /* SceneDelegate.swift */; };
		37B43FD12BBAAA540038D52C /* ViewController.swift in Sources */ = {isa = PBXBuildFile; fileRef = 37B43FD02BBAAA540038D52C /* ViewController.swift */; };
		37B43FD42BBAAA540038D52C /* Main.storyboard in Resources */ = {isa = PBXBuildFile; fileRef = 37B43FD22BBAAA540038D52C /* Main.storyboard */; };
		37B43FD62BBAAA550038D52C /* Assets.xcassets in Resources */ = {isa = PBXBuildFile; fileRef = 37B43FD52BBAAA550038D52C /* Assets.xcassets */; };
		37B43FD92BBAAA550038D52C /* LaunchScreen.storyboard in Resources */ = {isa = PBXBuildFile; fileRef = 37B43FD72BBAAA550038D52C /* LaunchScreen.storyboard */; };
		37B43FE12BBAAAEA0038D52C /* .gitignore in Resources */ = {isa = PBXBuildFile; fileRef = 37B43FE02BBAAAEA0038D52C /* .gitignore */; };
		AB9C4A6E2BBC1EA400B1E48C /* CartViewController.swift in Sources */ = {isa = PBXBuildFile; fileRef = AB9C4A6D2BBC1EA400B1E48C /* CartViewController.swift */; };
		AB9C4A742BBD279000B1E48C /* ModalTestViewController.swift in Sources */ = {isa = PBXBuildFile; fileRef = AB9C4A732BBD279000B1E48C /* ModalTestViewController.swift */; };
/* End PBXBuildFile section */

/* Begin PBXFileReference section */
		37B43FC92BBAAA540038D52C /* BlueBucksKiosk.app */ = {isa = PBXFileReference; explicitFileType = wrapper.application; includeInIndex = 0; path = BlueBucksKiosk.app; sourceTree = BUILT_PRODUCTS_DIR; };
		37B43FCC2BBAAA540038D52C /* AppDelegate.swift */ = {isa = PBXFileReference; lastKnownFileType = sourcecode.swift; path = AppDelegate.swift; sourceTree = "<group>"; };
		37B43FCE2BBAAA540038D52C /* SceneDelegate.swift */ = {isa = PBXFileReference; lastKnownFileType = sourcecode.swift; path = SceneDelegate.swift; sourceTree = "<group>"; };
		37B43FD02BBAAA540038D52C /* ViewController.swift */ = {isa = PBXFileReference; lastKnownFileType = sourcecode.swift; path = ViewController.swift; sourceTree = "<group>"; };
		37B43FD32BBAAA540038D52C /* Base */ = {isa = PBXFileReference; lastKnownFileType = file.storyboard; name = Base; path = Base.lproj/Main.storyboard; sourceTree = "<group>"; };
		37B43FD52BBAAA550038D52C /* Assets.xcassets */ = {isa = PBXFileReference; lastKnownFileType = folder.assetcatalog; path = Assets.xcassets; sourceTree = "<group>"; };
		37B43FD82BBAAA550038D52C /* Base */ = {isa = PBXFileReference; lastKnownFileType = file.storyboard; name = Base; path = Base.lproj/LaunchScreen.storyboard; sourceTree = "<group>"; };
		37B43FDA2BBAAA550038D52C /* Info.plist */ = {isa = PBXFileReference; lastKnownFileType = text.plist.xml; path = Info.plist; sourceTree = "<group>"; };
		37B43FE02BBAAAEA0038D52C /* .gitignore */ = {isa = PBXFileReference; lastKnownFileType = text; path = .gitignore; sourceTree = "<group>"; };
		AB9C4A6D2BBC1EA400B1E48C /* CartViewController.swift */ = {isa = PBXFileReference; fileEncoding = 4; lastKnownFileType = sourcecode.swift; path = CartViewController.swift; sourceTree = "<group>"; };
		AB9C4A732BBD279000B1E48C /* ModalTestViewController.swift */ = {isa = PBXFileReference; lastKnownFileType = sourcecode.swift; path = ModalTestViewController.swift; sourceTree = "<group>"; };
/* End PBXFileReference section */

/* Begin PBXFrameworksBuildPhase section */
		37B43FC62BBAAA540038D52C /* Frameworks */ = {
			isa = PBXFrameworksBuildPhase;
			buildActionMask = 2147483647;
			files = (
			);
			runOnlyForDeploymentPostprocessing = 0;
		};
/* End PBXFrameworksBuildPhase section */

/* Begin PBXGroup section */
		37B43FC02BBAAA540038D52C = {
			isa = PBXGroup;
			children = (
				37B43FE02BBAAAEA0038D52C /* .gitignore */,
				37B43FCB2BBAAA540038D52C /* BlueBucksKiosk */,
				37B43FCA2BBAAA540038D52C /* Products */,
			);
			sourceTree = "<group>";
		};
		37B43FCA2BBAAA540038D52C /* Products */ = {
			isa = PBXGroup;
			children = (
				37B43FC92BBAAA540038D52C /* BlueBucksKiosk.app */,
			);
			name = Products;
			sourceTree = "<group>";
		};
		37B43FCB2BBAAA540038D52C /* BlueBucksKiosk */ = {
			isa = PBXGroup;
			children = (
				37B43FCC2BBAAA540038D52C /* AppDelegate.swift */,
				37B43FCE2BBAAA540038D52C /* SceneDelegate.swift */,
				37B43FD02BBAAA540038D52C /* ViewController.swift */,
				AB9C4A732BBD279000B1E48C /* ModalTestViewController.swift */,
				AB9C4A6D2BBC1EA400B1E48C /* CartViewController.swift */,
				37B43FD22BBAAA540038D52C /* Main.storyboard */,
				37B43FD52BBAAA550038D52C /* Assets.xcassets */,
				37B43FD72BBAAA550038D52C /* LaunchScreen.storyboard */,
				37B43FDA2BBAAA550038D52C /* Info.plist */,
			);
			path = BlueBucksKiosk;
			sourceTree = "<group>";
		};
/* End PBXGroup section */

/* Begin PBXNativeTarget section */
		37B43FC82BBAAA540038D52C /* BlueBucksKiosk */ = {
			isa = PBXNativeTarget;
			buildConfigurationList = 37B43FDD2BBAAA550038D52C /* Build configuration list for PBXNativeTarget "BlueBucksKiosk" */;
			buildPhases = (
				37B43FC52BBAAA540038D52C /* Sources */,
				37B43FC62BBAAA540038D52C /* Frameworks */,
				37B43FC72BBAAA540038D52C /* Resources */,
			);
			buildRules = (
			);
			dependencies = (
			);
			name = BlueBucksKiosk;
			productName = BlueBucksKiosk;
			productReference = 37B43FC92BBAAA540038D52C /* BlueBucksKiosk.app */;
			productType = "com.apple.product-type.application";
		};
/* End PBXNativeTarget section */

/* Begin PBXProject section */
		37B43FC12BBAAA540038D52C /* Project object */ = {
			isa = PBXProject;
			attributes = {
				BuildIndependentTargetsInParallel = 1;
				LastSwiftUpdateCheck = 1520;
				LastUpgradeCheck = 1520;
				TargetAttributes = {
					37B43FC82BBAAA540038D52C = {
						CreatedOnToolsVersion = 15.2;
					};
				};
			};
			buildConfigurationList = 37B43FC42BBAAA540038D52C /* Build configuration list for PBXProject "BlueBucksKiosk" */;
			compatibilityVersion = "Xcode 14.0";
			developmentRegion = en;
			hasScannedForEncodings = 0;
			knownRegions = (
				en,
				Base,
			);
			mainGroup = 37B43FC02BBAAA540038D52C;
			productRefGroup = 37B43FCA2BBAAA540038D52C /* Products */;
			projectDirPath = "";
			projectRoot = "";
			targets = (
				37B43FC82BBAAA540038D52C /* BlueBucksKiosk */,
			);
		};
/* End PBXProject section */

/* Begin PBXResourcesBuildPhase section */
		37B43FC72BBAAA540038D52C /* Resources */ = {
			isa = PBXResourcesBuildPhase;
			buildActionMask = 2147483647;
			files = (
				37B43FE12BBAAAEA0038D52C /* .gitignore in Resources */,
				37B43FD92BBAAA550038D52C /* LaunchScreen.storyboard in Resources */,
				37B43FD62BBAAA550038D52C /* Assets.xcassets in Resources */,
				37B43FD42BBAAA540038D52C /* Main.storyboard in Resources */,
			);
			runOnlyForDeploymentPostprocessing = 0;
		};
/* End PBXResourcesBuildPhase section */

/* Begin PBXSourcesBuildPhase section */
		37B43FC52BBAAA540038D52C /* Sources */ = {
			isa = PBXSourcesBuildPhase;
			buildActionMask = 2147483647;
			files = (
				AB9C4A6E2BBC1EA400B1E48C /* CartViewController.swift in Sources */,
				37B43FD12BBAAA540038D52C /* ViewController.swift in Sources */,
				37B43FCD2BBAAA540038D52C /* AppDelegate.swift in Sources */,
				AB9C4A742BBD279000B1E48C /* ModalTestViewController.swift in Sources */,
				37B43FCF2BBAAA540038D52C /* SceneDelegate.swift in Sources */,
			);
			runOnlyForDeploymentPostprocessing = 0;
		};
/* End PBXSourcesBuildPhase section */

/* Begin PBXVariantGroup section */
		37B43FD22BBAAA540038D52C /* Main.storyboard */ = {
			isa = PBXVariantGroup;
			children = (
				37B43FD32BBAAA540038D52C /* Base */,
			);
			name = Main.storyboard;
			sourceTree = "<group>";
		};
		37B43FD72BBAAA550038D52C /* LaunchScreen.storyboard */ = {
			isa = PBXVariantGroup;
			children = (
				37B43FD82BBAAA550038D52C /* Base */,
			);
			name = LaunchScreen.storyboard;
			sourceTree = "<group>";
		};
/* End PBXVariantGroup section */

/* Begin XCBuildConfiguration section */
		37B43FDB2BBAAA550038D52C /* Debug */ = {
			isa = XCBuildConfiguration;
			buildSettings = {
				ALWAYS_SEARCH_USER_PATHS = NO;
				ASSETCATALOG_COMPILER_GENERATE_SWIFT_ASSET_SYMBOL_EXTENSIONS = YES;
				CLANG_ANALYZER_NONNULL = YES;
				CLANG_ANALYZER_NUMBER_OBJECT_CONVERSION = YES_AGGRESSIVE;
				CLANG_CXX_LANGUAGE_STANDARD = "gnu++20";
				CLANG_ENABLE_MODULES = YES;
				CLANG_ENABLE_OBJC_ARC = YES;
				CLANG_ENABLE_OBJC_WEAK = YES;
				CLANG_WARN_BLOCK_CAPTURE_AUTORELEASING = YES;
				CLANG_WARN_BOOL_CONVERSION = YES;
				CLANG_WARN_COMMA = YES;
				CLANG_WARN_CONSTANT_CONVERSION = YES;
				CLANG_WARN_DEPRECATED_OBJC_IMPLEMENTATIONS = YES;
				CLANG_WARN_DIRECT_OBJC_ISA_USAGE = YES_ERROR;
				CLANG_WARN_DOCUMENTATION_COMMENTS = YES;
				CLANG_WARN_EMPTY_BODY = YES;
				CLANG_WARN_ENUM_CONVERSION = YES;
				CLANG_WARN_INFINITE_RECURSION = YES;
				CLANG_WARN_INT_CONVERSION = YES;
				CLANG_WARN_NON_LITERAL_NULL_CONVERSION = YES;
				CLANG_WARN_OBJC_IMPLICIT_RETAIN_SELF = YES;
				CLANG_WARN_OBJC_LITERAL_CONVERSION = YES;
				CLANG_WARN_OBJC_ROOT_CLASS = YES_ERROR;
				CLANG_WARN_QUOTED_INCLUDE_IN_FRAMEWORK_HEADER = YES;
				CLANG_WARN_RANGE_LOOP_ANALYSIS = YES;
				CLANG_WARN_STRICT_PROTOTYPES = YES;
				CLANG_WARN_SUSPICIOUS_MOVE = YES;
				CLANG_WARN_UNGUARDED_AVAILABILITY = YES_AGGRESSIVE;
				CLANG_WARN_UNREACHABLE_CODE = YES;
				CLANG_WARN__DUPLICATE_METHOD_MATCH = YES;
				COPY_PHASE_STRIP = NO;
				DEBUG_INFORMATION_FORMAT = dwarf;
				ENABLE_STRICT_OBJC_MSGSEND = YES;
				ENABLE_TESTABILITY = YES;
				ENABLE_USER_SCRIPT_SANDBOXING = YES;
				GCC_C_LANGUAGE_STANDARD = gnu17;
				GCC_DYNAMIC_NO_PIC = NO;
				GCC_NO_COMMON_BLOCKS = YES;
				GCC_OPTIMIZATION_LEVEL = 0;
				GCC_PREPROCESSOR_DEFINITIONS = (
					"DEBUG=1",
					"$(inherited)",
				);
				GCC_WARN_64_TO_32_BIT_CONVERSION = YES;
				GCC_WARN_ABOUT_RETURN_TYPE = YES_ERROR;
				GCC_WARN_UNDECLARED_SELECTOR = YES;
				GCC_WARN_UNINITIALIZED_AUTOS = YES_AGGRESSIVE;
				GCC_WARN_UNUSED_FUNCTION = YES;
				GCC_WARN_UNUSED_VARIABLE = YES;
				IPHONEOS_DEPLOYMENT_TARGET = 17.2;
				LOCALIZATION_PREFERS_STRING_CATALOGS = YES;
				MTL_ENABLE_DEBUG_INFO = INCLUDE_SOURCE;
				MTL_FAST_MATH = YES;
				ONLY_ACTIVE_ARCH = YES;
				SDKROOT = iphoneos;
				SWIFT_ACTIVE_COMPILATION_CONDITIONS = "DEBUG $(inherited)";
				SWIFT_OPTIMIZATION_LEVEL = "-Onone";
			};
			name = Debug;
		};
		37B43FDC2BBAAA550038D52C /* Release */ = {
			isa = XCBuildConfiguration;
			buildSettings = {
				ALWAYS_SEARCH_USER_PATHS = NO;
				ASSETCATALOG_COMPILER_GENERATE_SWIFT_ASSET_SYMBOL_EXTENSIONS = YES;
				CLANG_ANALYZER_NONNULL = YES;
				CLANG_ANALYZER_NUMBER_OBJECT_CONVERSION = YES_AGGRESSIVE;
				CLANG_CXX_LANGUAGE_STANDARD = "gnu++20";
				CLANG_ENABLE_MODULES = YES;
				CLANG_ENABLE_OBJC_ARC = YES;
				CLANG_ENABLE_OBJC_WEAK = YES;
				CLANG_WARN_BLOCK_CAPTURE_AUTORELEASING = YES;
				CLANG_WARN_BOOL_CONVERSION = YES;
				CLANG_WARN_COMMA = YES;
				CLANG_WARN_CONSTANT_CONVERSION = YES;
				CLANG_WARN_DEPRECATED_OBJC_IMPLEMENTATIONS = YES;
				CLANG_WARN_DIRECT_OBJC_ISA_USAGE = YES_ERROR;
				CLANG_WARN_DOCUMENTATION_COMMENTS = YES;
				CLANG_WARN_EMPTY_BODY = YES;
				CLANG_WARN_ENUM_CONVERSION = YES;
				CLANG_WARN_INFINITE_RECURSION = YES;
				CLANG_WARN_INT_CONVERSION = YES;
				CLANG_WARN_NON_LITERAL_NULL_CONVERSION = YES;
				CLANG_WARN_OBJC_IMPLICIT_RETAIN_SELF = YES;
				CLANG_WARN_OBJC_LITERAL_CONVERSION = YES;
				CLANG_WARN_OBJC_ROOT_CLASS = YES_ERROR;
				CLANG_WARN_QUOTED_INCLUDE_IN_FRAMEWORK_HEADER = YES;
				CLANG_WARN_RANGE_LOOP_ANALYSIS = YES;
				CLANG_WARN_STRICT_PROTOTYPES = YES;
				CLANG_WARN_SUSPICIOUS_MOVE = YES;
				CLANG_WARN_UNGUARDED_AVAILABILITY = YES_AGGRESSIVE;
				CLANG_WARN_UNREACHABLE_CODE = YES;
				CLANG_WARN__DUPLICATE_METHOD_MATCH = YES;
				COPY_PHASE_STRIP = NO;
				DEBUG_INFORMATION_FORMAT = "dwarf-with-dsym";
				ENABLE_NS_ASSERTIONS = NO;
				ENABLE_STRICT_OBJC_MSGSEND = YES;
				ENABLE_USER_SCRIPT_SANDBOXING = YES;
				GCC_C_LANGUAGE_STANDARD = gnu17;
				GCC_NO_COMMON_BLOCKS = YES;
				GCC_WARN_64_TO_32_BIT_CONVERSION = YES;
				GCC_WARN_ABOUT_RETURN_TYPE = YES_ERROR;
				GCC_WARN_UNDECLARED_SELECTOR = YES;
				GCC_WARN_UNINITIALIZED_AUTOS = YES_AGGRESSIVE;
				GCC_WARN_UNUSED_FUNCTION = YES;
				GCC_WARN_UNUSED_VARIABLE = YES;
				IPHONEOS_DEPLOYMENT_TARGET = 17.2;
				LOCALIZATION_PREFERS_STRING_CATALOGS = YES;
				MTL_ENABLE_DEBUG_INFO = NO;
				MTL_FAST_MATH = YES;
				SDKROOT = iphoneos;
				SWIFT_COMPILATION_MODE = wholemodule;
				VALIDATE_PRODUCT = YES;
			};
			name = Release;
		};
		37B43FDE2BBAAA550038D52C /* Debug */ = {
			isa = XCBuildConfiguration;
			buildSettings = {
				ASSETCATALOG_COMPILER_APPICON_NAME = AppIcon;
				ASSETCATALOG_COMPILER_GLOBAL_ACCENT_COLOR_NAME = AccentColor;
				CODE_SIGN_STYLE = Automatic;
				CURRENT_PROJECT_VERSION = 1;
				GENERATE_INFOPLIST_FILE = YES;
				INFOPLIST_FILE = BlueBucksKiosk/Info.plist;
				INFOPLIST_KEY_UIApplicationSupportsIndirectInputEvents = YES;
				INFOPLIST_KEY_UILaunchStoryboardName = LaunchScreen;
				INFOPLIST_KEY_UIMainStoryboardFile = Main;
				INFOPLIST_KEY_UISupportedInterfaceOrientations = UIInterfaceOrientationPortrait;
				INFOPLIST_KEY_UISupportedInterfaceOrientations_iPad = "UIInterfaceOrientationLandscapeLeft UIInterfaceOrientationLandscapeRight UIInterfaceOrientationPortrait UIInterfaceOrientationPortraitUpsideDown";
				IPHONEOS_DEPLOYMENT_TARGET = 15.0;
				LD_RUNPATH_SEARCH_PATHS = (
					"$(inherited)",
					"@executable_path/Frameworks",
				);
				MARKETING_VERSION = 1.0;
				PRODUCT_BUNDLE_IDENTIFIER = com.t1.sparta.BlueBucksKiosk;
				PRODUCT_NAME = "$(TARGET_NAME)";
				SUPPORTED_PLATFORMS = "iphoneos iphonesimulator";
				SUPPORTS_MACCATALYST = NO;
				SUPPORTS_MAC_DESIGNED_FOR_IPHONE_IPAD = NO;
				SUPPORTS_XR_DESIGNED_FOR_IPHONE_IPAD = NO;
				SWIFT_EMIT_LOC_STRINGS = YES;
				SWIFT_VERSION = 5.0;
				TARGETED_DEVICE_FAMILY = 1;
			};
			name = Debug;
		};
		37B43FDF2BBAAA550038D52C /* Release */ = {
			isa = XCBuildConfiguration;
			buildSettings = {
				ASSETCATALOG_COMPILER_APPICON_NAME = AppIcon;
				ASSETCATALOG_COMPILER_GLOBAL_ACCENT_COLOR_NAME = AccentColor;
				CODE_SIGN_STYLE = Automatic;
				CURRENT_PROJECT_VERSION = 1;
				GENERATE_INFOPLIST_FILE = YES;
				INFOPLIST_FILE = BlueBucksKiosk/Info.plist;
				INFOPLIST_KEY_UIApplicationSupportsIndirectInputEvents = YES;
				INFOPLIST_KEY_UILaunchStoryboardName = LaunchScreen;
				INFOPLIST_KEY_UIMainStoryboardFile = Main;
				INFOPLIST_KEY_UISupportedInterfaceOrientations = UIInterfaceOrientationPortrait;
				INFOPLIST_KEY_UISupportedInterfaceOrientations_iPad = "UIInterfaceOrientationLandscapeLeft UIInterfaceOrientationLandscapeRight UIInterfaceOrientationPortrait UIInterfaceOrientationPortraitUpsideDown";
				IPHONEOS_DEPLOYMENT_TARGET = 15.0;
				LD_RUNPATH_SEARCH_PATHS = (
					"$(inherited)",
					"@executable_path/Frameworks",
				);
				MARKETING_VERSION = 1.0;
				PRODUCT_BUNDLE_IDENTIFIER = com.t1.sparta.BlueBucksKiosk;
				PRODUCT_NAME = "$(TARGET_NAME)";
				SUPPORTED_PLATFORMS = "iphoneos iphonesimulator";
				SUPPORTS_MACCATALYST = NO;
				SUPPORTS_MAC_DESIGNED_FOR_IPHONE_IPAD = NO;
				SUPPORTS_XR_DESIGNED_FOR_IPHONE_IPAD = NO;
				SWIFT_EMIT_LOC_STRINGS = YES;
				SWIFT_VERSION = 5.0;
				TARGETED_DEVICE_FAMILY = 1;
			};
			name = Release;
		};
/* End XCBuildConfiguration section */

/* Begin XCConfigurationList section */
		37B43FC42BBAAA540038D52C /* Build configuration list for PBXProject "BlueBucksKiosk" */ = {
			isa = XCConfigurationList;
			buildConfigurations = (
				37B43FDB2BBAAA550038D52C /* Debug */,
				37B43FDC2BBAAA550038D52C /* Release */,
			);
			defaultConfigurationIsVisible = 0;
			defaultConfigurationName = Release;
		};
		37B43FDD2BBAAA550038D52C /* Build configuration list for PBXNativeTarget "BlueBucksKiosk" */ = {
			isa = XCConfigurationList;
			buildConfigurations = (
				37B43FDE2BBAAA550038D52C /* Debug */,
				37B43FDF2BBAAA550038D52C /* Release */,
			);
			defaultConfigurationIsVisible = 0;
			defaultConfigurationName = Release;
		};
/* End XCConfigurationList section */
	};
	rootObject = 37B43FC12BBAAA540038D52C /* Project object */;
}
